// !$*UTF8*$!
{
	archiveVersion = 1;
	classes = {
	};
	objectVersion = 46;
	objects = {

/* Begin PBXBuildFile section */
		416E142E1B3D3F27008F2663 /* AppDelegate.swift in Sources */ = {isa = PBXBuildFile; fileRef = 416E142D1B3D3F27008F2663 /* AppDelegate.swift */; };
		416E14331B3D3F27008F2663 /* Main.storyboard in Resources */ = {isa = PBXBuildFile; fileRef = 416E14311B3D3F27008F2663 /* Main.storyboard */; };
		416E14361B3D3F27008F2663 /* exchangeAGram.xcdatamodeld in Sources */ = {isa = PBXBuildFile; fileRef = 416E14341B3D3F27008F2663 /* exchangeAGram.xcdatamodeld */; };
		416E14381B3D3F27008F2663 /* Assets.xcassets in Resources */ = {isa = PBXBuildFile; fileRef = 416E14371B3D3F27008F2663 /* Assets.xcassets */; };
		416E143B1B3D3F27008F2663 /* LaunchScreen.storyboard in Resources */ = {isa = PBXBuildFile; fileRef = 416E14391B3D3F27008F2663 /* LaunchScreen.storyboard */; };
		416E14461B3D3F27008F2663 /* exchangeAGramTests.swift in Sources */ = {isa = PBXBuildFile; fileRef = 416E14451B3D3F27008F2663 /* exchangeAGramTests.swift */; };
		416E14511B3D3F27008F2663 /* exchangeAGramUITests.swift in Sources */ = {isa = PBXBuildFile; fileRef = 416E14501B3D3F27008F2663 /* exchangeAGramUITests.swift */; };
		416E145F1B3D4172008F2663 /* FeedViewController.swift in Sources */ = {isa = PBXBuildFile; fileRef = 416E145E1B3D4172008F2663 /* FeedViewController.swift */; };
		41E304CC1B43D09600BDF431 /* FeedCell.swift in Sources */ = {isa = PBXBuildFile; fileRef = 41E304CB1B43D09600BDF431 /* FeedCell.swift */; };
		41FBEF301B44E357006BFADF /* MobileCoreServices.framework in Frameworks */ = {isa = PBXBuildFile; fileRef = 41FBEF2F1B44E357006BFADF /* MobileCoreServices.framework */; };
/* End PBXBuildFile section */

/* Begin PBXContainerItemProxy section */
		416E14421B3D3F27008F2663 /* PBXContainerItemProxy */ = {
			isa = PBXContainerItemProxy;
			containerPortal = 416E14221B3D3F26008F2663 /* Project object */;
			proxyType = 1;
			remoteGlobalIDString = 416E14291B3D3F26008F2663;
			remoteInfo = exchangeAGram;
		};
		416E144D1B3D3F27008F2663 /* PBXContainerItemProxy */ = {
			isa = PBXContainerItemProxy;
			containerPortal = 416E14221B3D3F26008F2663 /* Project object */;
			proxyType = 1;
			remoteGlobalIDString = 416E14291B3D3F26008F2663;
			remoteInfo = exchangeAGram;
		};
/* End PBXContainerItemProxy section */

/* Begin PBXFileReference section */
		416E142A1B3D3F27008F2663 /* exchangeAGram.app */ = {isa = PBXFileReference; explicitFileType = wrapper.application; includeInIndex = 0; path = exchangeAGram.app; sourceTree = BUILT_PRODUCTS_DIR; };
		416E142D1B3D3F27008F2663 /* AppDelegate.swift */ = {isa = PBXFileReference; lastKnownFileType = sourcecode.swift; path = AppDelegate.swift; sourceTree = "<group>"; };
		416E14321B3D3F27008F2663 /* Base */ = {isa = PBXFileReference; lastKnownFileType = file.storyboard; name = Base; path = Base.lproj/Main.storyboard; sourceTree = "<group>"; };
		416E14351B3D3F27008F2663 /* exchangeAGram.xcdatamodel */ = {isa = PBXFileReference; lastKnownFileType = wrapper.xcdatamodel; path = exchangeAGram.xcdatamodel; sourceTree = "<group>"; };
		416E14371B3D3F27008F2663 /* Assets.xcassets */ = {isa = PBXFileReference; lastKnownFileType = folder.assetcatalog; path = Assets.xcassets; sourceTree = "<group>"; };
		416E143A1B3D3F27008F2663 /* Base */ = {isa = PBXFileReference; lastKnownFileType = file.storyboard; name = Base; path = Base.lproj/LaunchScreen.storyboard; sourceTree = "<group>"; };
		416E143C1B3D3F27008F2663 /* Info.plist */ = {isa = PBXFileReference; lastKnownFileType = text.plist.xml; path = Info.plist; sourceTree = "<group>"; };
		416E14411B3D3F27008F2663 /* exchangeAGramTests.xctest */ = {isa = PBXFileReference; explicitFileType = wrapper.cfbundle; includeInIndex = 0; path = exchangeAGramTests.xctest; sourceTree = BUILT_PRODUCTS_DIR; };
		416E14451B3D3F27008F2663 /* exchangeAGramTests.swift */ = {isa = PBXFileReference; lastKnownFileType = sourcecode.swift; path = exchangeAGramTests.swift; sourceTree = "<group>"; };
		416E14471B3D3F27008F2663 /* Info.plist */ = {isa = PBXFileReference; lastKnownFileType = text.plist.xml; path = Info.plist; sourceTree = "<group>"; };
		416E144C1B3D3F27008F2663 /* exchangeAGramUITests.xctest */ = {isa = PBXFileReference; explicitFileType = wrapper.cfbundle; includeInIndex = 0; path = exchangeAGramUITests.xctest; sourceTree = BUILT_PRODUCTS_DIR; };
		416E14501B3D3F27008F2663 /* exchangeAGramUITests.swift */ = {isa = PBXFileReference; lastKnownFileType = sourcecode.swift; path = exchangeAGramUITests.swift; sourceTree = "<group>"; };
		416E14521B3D3F27008F2663 /* Info.plist */ = {isa = PBXFileReference; lastKnownFileType = text.plist.xml; path = Info.plist; sourceTree = "<group>"; };
		416E145E1B3D4172008F2663 /* FeedViewController.swift */ = {isa = PBXFileReference; fileEncoding = 4; lastKnownFileType = sourcecode.swift; name = FeedViewController.swift; path = ../FeedViewController.swift; sourceTree = "<group>"; };
		41E304CB1B43D09600BDF431 /* FeedCell.swift */ = {isa = PBXFileReference; fileEncoding = 4; lastKnownFileType = sourcecode.swift; path = FeedCell.swift; sourceTree = "<group>"; };
		41FBEF2F1B44E357006BFADF /* MobileCoreServices.framework */ = {isa = PBXFileReference; lastKnownFileType = wrapper.framework; name = MobileCoreServices.framework; path = System/Library/Frameworks/MobileCoreServices.framework; sourceTree = SDKROOT; };
/* End PBXFileReference section */

/* Begin PBXFrameworksBuildPhase section */
		416E14271B3D3F26008F2663 /* Frameworks */ = {
			isa = PBXFrameworksBuildPhase;
			buildActionMask = 2147483647;
			files = (
				41FBEF301B44E357006BFADF /* MobileCoreServices.framework in Frameworks */,
			);
			runOnlyForDeploymentPostprocessing = 0;
		};
		416E143E1B3D3F27008F2663 /* Frameworks */ = {
			isa = PBXFrameworksBuildPhase;
			buildActionMask = 2147483647;
			files = (
			);
			runOnlyForDeploymentPostprocessing = 0;
		};
		416E14491B3D3F27008F2663 /* Frameworks */ = {
			isa = PBXFrameworksBuildPhase;
			buildActionMask = 2147483647;
			files = (
			);
			runOnlyForDeploymentPostprocessing = 0;
		};
/* End PBXFrameworksBuildPhase section */

/* Begin PBXGroup section */
		416E14211B3D3F26008F2663 = {
			isa = PBXGroup;
			children = (
				41FBEF2F1B44E357006BFADF /* MobileCoreServices.framework */,
				416E142C1B3D3F27008F2663 /* exchangeAGram */,
				416E14441B3D3F27008F2663 /* exchangeAGramTests */,
				416E144F1B3D3F27008F2663 /* exchangeAGramUITests */,
				416E142B1B3D3F27008F2663 /* Products */,
			);
			sourceTree = "<group>";
		};
		416E142B1B3D3F27008F2663 /* Products */ = {
			isa = PBXGroup;
			children = (
				416E142A1B3D3F27008F2663 /* exchangeAGram.app */,
				416E14411B3D3F27008F2663 /* exchangeAGramTests.xctest */,
				416E144C1B3D3F27008F2663 /* exchangeAGramUITests.xctest */,
			);
			name = Products;
			sourceTree = "<group>";
		};
		416E142C1B3D3F27008F2663 /* exchangeAGram */ = {
			isa = PBXGroup;
			children = (
				416E145E1B3D4172008F2663 /* FeedViewController.swift */,
				416E142D1B3D3F27008F2663 /* AppDelegate.swift */,
				416E14311B3D3F27008F2663 /* Main.storyboard */,
				41E304CB1B43D09600BDF431 /* FeedCell.swift */,
				416E14371B3D3F27008F2663 /* Assets.xcassets */,
				416E14391B3D3F27008F2663 /* LaunchScreen.storyboard */,
				416E143C1B3D3F27008F2663 /* Info.plist */,
				416E14341B3D3F27008F2663 /* exchangeAGram.xcdatamodeld */,
			);
			path = exchangeAGram;
			sourceTree = "<group>";
		};
		416E14441B3D3F27008F2663 /* exchangeAGramTests */ = {
			isa = PBXGroup;
			children = (
				416E14451B3D3F27008F2663 /* exchangeAGramTests.swift */,
				416E14471B3D3F27008F2663 /* Info.plist */,
			);
			path = exchangeAGramTests;
			sourceTree = "<group>";
		};
		416E144F1B3D3F27008F2663 /* exchangeAGramUITests */ = {
			isa = PBXGroup;
			children = (
				416E14501B3D3F27008F2663 /* exchangeAGramUITests.swift */,
				416E14521B3D3F27008F2663 /* Info.plist */,
			);
			path = exchangeAGramUITests;
			sourceTree = "<group>";
		};
/* End PBXGroup section */

/* Begin PBXNativeTarget section */
		416E14291B3D3F26008F2663 /* exchangeAGram */ = {
			isa = PBXNativeTarget;
			buildConfigurationList = 416E14551B3D3F27008F2663 /* Build configuration list for PBXNativeTarget "exchangeAGram" */;
			buildPhases = (
				416E14261B3D3F26008F2663 /* Sources */,
				416E14271B3D3F26008F2663 /* Frameworks */,
				416E14281B3D3F26008F2663 /* Resources */,
			);
			buildRules = (
			);
			dependencies = (
			);
			name = exchangeAGram;
			productName = exchangeAGram;
			productReference = 416E142A1B3D3F27008F2663 /* exchangeAGram.app */;
			productType = "com.apple.product-type.application";
		};
		416E14401B3D3F27008F2663 /* exchangeAGramTests */ = {
			isa = PBXNativeTarget;
			buildConfigurationList = 416E14581B3D3F27008F2663 /* Build configuration list for PBXNativeTarget "exchangeAGramTests" */;
			buildPhases = (
				416E143D1B3D3F27008F2663 /* Sources */,
				416E143E1B3D3F27008F2663 /* Frameworks */,
				416E143F1B3D3F27008F2663 /* Resources */,
			);
			buildRules = (
			);
			dependencies = (
				416E14431B3D3F27008F2663 /* PBXTargetDependency */,
			);
			name = exchangeAGramTests;
			productName = exchangeAGramTests;
			productReference = 416E14411B3D3F27008F2663 /* exchangeAGramTests.xctest */;
			productType = "com.apple.product-type.bundle.unit-test";
		};
		416E144B1B3D3F27008F2663 /* exchangeAGramUITests */ = {
			isa = PBXNativeTarget;
			buildConfigurationList = 416E145B1B3D3F27008F2663 /* Build configuration list for PBXNativeTarget "exchangeAGramUITests" */;
			buildPhases = (
				416E14481B3D3F27008F2663 /* Sources */,
				416E14491B3D3F27008F2663 /* Frameworks */,
				416E144A1B3D3F27008F2663 /* Resources */,
			);
			buildRules = (
			);
			dependencies = (
				416E144E1B3D3F27008F2663 /* PBXTargetDependency */,
			);
			name = exchangeAGramUITests;
			productName = exchangeAGramUITests;
			productReference = 416E144C1B3D3F27008F2663 /* exchangeAGramUITests.xctest */;
			productType = "com.apple.product-type.bundle.ui-testing";
		};
/* End PBXNativeTarget section */

/* Begin PBXProject section */
		416E14221B3D3F26008F2663 /* Project object */ = {
			isa = PBXProject;
			attributes = {
				LastUpgradeCheck = 0700;
				ORGANIZATIONNAME = Gokul;
				TargetAttributes = {
					416E14291B3D3F26008F2663 = {
						CreatedOnToolsVersion = 7.0;
						DevelopmentTeam = PKCZN8BS58;
					};
					416E14401B3D3F27008F2663 = {
						CreatedOnToolsVersion = 7.0;
						TestTargetID = 416E14291B3D3F26008F2663;
					};
					416E144B1B3D3F27008F2663 = {
						CreatedOnToolsVersion = 7.0;
						TestTargetID = 416E14291B3D3F26008F2663;
					};
				};
			};
			buildConfigurationList = 416E14251B3D3F26008F2663 /* Build configuration list for PBXProject "exchangeAGram" */;
			compatibilityVersion = "Xcode 3.2";
			developmentRegion = English;
			hasScannedForEncodings = 0;
			knownRegions = (
				en,
				Base,
			);
			mainGroup = 416E14211B3D3F26008F2663;
			productRefGroup = 416E142B1B3D3F27008F2663 /* Products */;
			projectDirPath = "";
			projectRoot = "";
			targets = (
				416E14291B3D3F26008F2663 /* exchangeAGram */,
				416E14401B3D3F27008F2663 /* exchangeAGramTests */,
				416E144B1B3D3F27008F2663 /* exchangeAGramUITests */,
			);
		};
/* End PBXProject section */

/* Begin PBXResourcesBuildPhase section */
		416E14281B3D3F26008F2663 /* Resources */ = {
			isa = PBXResourcesBuildPhase;
			buildActionMask = 2147483647;
			files = (
				416E143B1B3D3F27008F2663 /* LaunchScreen.storyboard in Resources */,
				416E14381B3D3F27008F2663 /* Assets.xcassets in Resources */,
				416E14331B3D3F27008F2663 /* Main.storyboard in Resources */,
			);
			runOnlyForDeploymentPostprocessing = 0;
		};
		416E143F1B3D3F27008F2663 /* Resources */ = {
			isa = PBXResourcesBuildPhase;
			buildActionMask = 2147483647;
			files = (
			);
			runOnlyForDeploymentPostprocessing = 0;
		};
		416E144A1B3D3F27008F2663 /* Resources */ = {
			isa = PBXResourcesBuildPhase;
			buildActionMask = 2147483647;
			files = (
			);
			runOnlyForDeploymentPostprocessing = 0;
		};
/* End PBXResourcesBuildPhase section */

/* Begin PBXSourcesBuildPhase section */
		416E14261B3D3F26008F2663 /* Sources */ = {
			isa = PBXSourcesBuildPhase;
			buildActionMask = 2147483647;
			files = (
				416E142E1B3D3F27008F2663 /* AppDelegate.swift in Sources */,
				41E304CC1B43D09600BDF431 /* FeedCell.swift in Sources */,
				416E145F1B3D4172008F2663 /* FeedViewController.swift in Sources */,
				416E14361B3D3F27008F2663 /* exchangeAGram.xcdatamodeld in Sources */,
			);
			runOnlyForDeploymentPostprocessing = 0;
		};
		416E143D1B3D3F27008F2663 /* Sources */ = {
			isa = PBXSourcesBuildPhase;
			buildActionMask = 2147483647;
			files = (
				416E14461B3D3F27008F2663 /* exchangeAGramTests.swift in Sources */,
			);
			runOnlyForDeploymentPostprocessing = 0;
		};
		416E14481B3D3F27008F2663 /* Sources */ = {
			isa = PBXSourcesBuildPhase;
			buildActionMask = 2147483647;
			files = (
				416E14511B3D3F27008F2663 /* exchangeAGramUITests.swift in Sources */,
			);
			runOnlyForDeploymentPostprocessing = 0;
		};
/* End PBXSourcesBuildPhase section */

/* Begin PBXTargetDependency section */
		416E14431B3D3F27008F2663 /* PBXTargetDependency */ = {
			isa = PBXTargetDependency;
			target = 416E14291B3D3F26008F2663 /* exchangeAGram */;
			targetProxy = 416E14421B3D3F27008F2663 /* PBXContainerItemProxy */;
		};
		416E144E1B3D3F27008F2663 /* PBXTargetDependency */ = {
			isa = PBXTargetDependency;
			target = 416E14291B3D3F26008F2663 /* exchangeAGram */;
			targetProxy = 416E144D1B3D3F27008F2663 /* PBXContainerItemProxy */;
		};
/* End PBXTargetDependency section */

/* Begin PBXVariantGroup section */
		416E14311B3D3F27008F2663 /* Main.storyboard */ = {
			isa = PBXVariantGroup;
			children = (
				416E14321B3D3F27008F2663 /* Base */,
			);
			name = Main.storyboard;
			sourceTree = "<group>";
		};
		416E14391B3D3F27008F2663 /* LaunchScreen.storyboard */ = {
			isa = PBXVariantGroup;
			children = (
				416E143A1B3D3F27008F2663 /* Base */,
			);
			name = LaunchScreen.storyboard;
			sourceTree = "<group>";
		};
/* End PBXVariantGroup section */

/* Begin XCBuildConfiguration section */
		416E14531B3D3F27008F2663 /* Debug */ = {
			isa = XCBuildConfiguration;
			buildSettings = {
				ALWAYS_SEARCH_USER_PATHS = NO;
				CLANG_CXX_LANGUAGE_STANDARD = "gnu++0x";
				CLANG_CXX_LIBRARY = "libc++";
				CLANG_ENABLE_MODULES = YES;
				CLANG_ENABLE_OBJC_ARC = YES;
				CLANG_WARN_BOOL_CONVERSION = YES;
				CLANG_WARN_CONSTANT_CONVERSION = YES;
				CLANG_WARN_DIRECT_OBJC_ISA_USAGE = YES_ERROR;
				CLANG_WARN_EMPTY_BODY = YES;
				CLANG_WARN_ENUM_CONVERSION = YES;
				CLANG_WARN_INT_CONVERSION = YES;
				CLANG_WARN_OBJC_ROOT_CLASS = YES_ERROR;
				CLANG_WARN_UNREACHABLE_CODE = YES;
				CLANG_WARN__DUPLICATE_METHOD_MATCH = YES;
				"CODE_SIGN_IDENTITY[sdk=iphoneos*]" = "iPhone Developer";
				COPY_PHASE_STRIP = NO;
				DEBUG_INFORMATION_FORMAT = dwarf;
				ENABLE_STRICT_OBJC_MSGSEND = YES;
				ENABLE_TESTABILITY = YES;
				GCC_C_LANGUAGE_STANDARD = gnu99;
				GCC_DYNAMIC_NO_PIC = NO;
				GCC_NO_COMMON_BLOCKS = YES;
				GCC_OPTIMIZATION_LEVEL = 0;
				GCC_PREPROCESSOR_DEFINITIONS = (
					"DEBUG=1",
					"$(inherited)",
				);
				GCC_WARN_64_TO_32_BIT_CONVERSION = YES;
				GCC_WARN_ABOUT_RETURN_TYPE = YES_ERROR;
				GCC_WARN_UNDECLARED_SELECTOR = YES;
				GCC_WARN_UNINITIALIZED_AUTOS = YES_AGGRESSIVE;
				GCC_WARN_UNUSED_FUNCTION = YES;
				GCC_WARN_UNUSED_VARIABLE = YES;
				IPHONEOS_DEPLOYMENT_TARGET = 9.0;
				MTL_ENABLE_DEBUG_INFO = YES;
				ONLY_ACTIVE_ARCH = YES;
				SDKROOT = iphoneos;
				SWIFT_OPTIMIZATION_LEVEL = "-Onone";
				TARGETED_DEVICE_FAMILY = "1,2";
			};
			name = Debug;
		};
		416E14541B3D3F27008F2663 /* Release */ = {
			isa = XCBuildConfiguration;
			buildSettings = {
				ALWAYS_SEARCH_USER_PATHS = NO;
				CLANG_CXX_LANGUAGE_STANDARD = "gnu++0x";
				CLANG_CXX_LIBRARY = "libc++";
				CLANG_ENABLE_MODULES = YES;
				CLANG_ENABLE_OBJC_ARC = YES;
				CLANG_WARN_BOOL_CONVERSION = YES;
				CLANG_WARN_CONSTANT_CONVERSION = YES;
				CLANG_WARN_DIRECT_OBJC_ISA_USAGE = YES_ERROR;
				CLANG_WARN_EMPTY_BODY = YES;
				CLANG_WARN_ENUM_CONVERSION = YES;
				CLANG_WARN_INT_CONVERSION = YES;
				CLANG_WARN_OBJC_ROOT_CLASS = YES_ERROR;
				CLANG_WARN_UNREACHABLE_CODE = YES;
				CLANG_WARN__DUPLICATE_METHOD_MATCH = YES;
				"CODE_SIGN_IDENTITY[sdk=iphoneos*]" = "iPhone Developer";
				COPY_PHASE_STRIP = NO;
				DEBUG_INFORMATION_FORMAT = "dwarf-with-dsym";
				ENABLE_NS_ASSERTIONS = NO;
				ENABLE_STRICT_OBJC_MSGSEND = YES;
				GCC_C_LANGUAGE_STANDARD = gnu99;
				GCC_NO_COMMON_BLOCKS = YES;
				GCC_WARN_64_TO_32_BIT_CONVERSION = YES;
				GCC_WARN_ABOUT_RETURN_TYPE = YES_ERROR;
				GCC_WARN_UNDECLARED_SELECTOR = YES;
				GCC_WARN_UNINITIALIZED_AUTOS = YES_AGGRESSIVE;
				GCC_WARN_UNUSED_FUNCTION = YES;
				GCC_WARN_UNUSED_VARIABLE = YES;
				IPHONEOS_DEPLOYMENT_TARGET = 9.0;
				MTL_ENABLE_DEBUG_INFO = NO;
				SDKROOT = iphoneos;
				TARGETED_DEVICE_FAMILY = "1,2";
				VALIDATE_PRODUCT = YES;
			};
			name = Release;
		};
		416E14561B3D3F27008F2663 /* Debug */ = {
			isa = XCBuildConfiguration;
			buildSettings = {
				ASSETCATALOG_COMPILER_APPICON_NAME = AppIcon;
				CODE_SIGN_IDENTITY = "iPhone Developer";
				INFOPLIST_FILE = exchangeAGram/Info.plist;
				IPHONEOS_DEPLOYMENT_TARGET = 8.4;
				LD_RUNPATH_SEARCH_PATHS = "$(inherited) @executable_path/Frameworks";
				PRODUCT_BUNDLE_IDENTIFIER = Gokul.exchangeAGram;
				PRODUCT_NAME = "$(TARGET_NAME)";
			};
			name = Debug;
		};
		416E14571B3D3F27008F2663 /* Release */ = {
			isa = XCBuildConfiguration;
			buildSettings = {
				ASSETCATALOG_COMPILER_APPICON_NAME = AppIcon;
				CODE_SIGN_IDENTITY = "iPhone Developer";
				INFOPLIST_FILE = exchangeAGram/Info.plist;
				IPHONEOS_DEPLOYMENT_TARGET = 8.4;
				LD_RUNPATH_SEARCH_PATHS = "$(inherited) @executable_path/Frameworks";
				PRODUCT_BUNDLE_IDENTIFIER = Gokul.exchangeAGram;
				PRODUCT_NAME = "$(TARGET_NAME)";
			};
			name = Release;
		};
		416E14591B3D3F27008F2663 /* Debug */ = {
			isa = XCBuildConfiguration;
			buildSettings = {
				BUNDLE_LOADER = "$(TEST_HOST)";
				INFOPLIST_FILE = exchangeAGramTests/Info.plist;
				LD_RUNPATH_SEARCH_PATHS = "$(inherited) @executable_path/Frameworks @loader_path/Frameworks";
				PRODUCT_BUNDLE_IDENTIFIER = Gokul.exchangeAGramTests;
				PRODUCT_NAME = "$(TARGET_NAME)";
				TEST_HOST = "$(BUILT_PRODUCTS_DIR)/exchangeAGram.app/exchangeAGram";
			};
			name = Debug;
		};
		416E145A1B3D3F27008F2663 /* Release */ = {
			isa = XCBuildConfiguration;
			buildSettings = {
				BUNDLE_LOADER = "$(TEST_HOST)";
				INFOPLIST_FILE = exchangeAGramTests/Info.plist;
				LD_RUNPATH_SEARCH_PATHS = "$(inherited) @executable_path/Frameworks @loader_path/Frameworks";
				PRODUCT_BUNDLE_IDENTIFIER = Gokul.exchangeAGramTests;
				PRODUCT_NAME = "$(TARGET_NAME)";
				TEST_HOST = "$(BUILT_PRODUCTS_DIR)/exchangeAGram.app/exchangeAGram";
			};
			name = Release;
		};
		416E145C1B3D3F27008F2663 /* Debug */ = {
			isa = XCBuildConfiguration;
			buildSettings = {
				INFOPLIST_FILE = exchangeAGramUITests/Info.plist;
				LD_RUNPATH_SEARCH_PATHS = "$(inherited) @executable_path/Frameworks @loader_path/Frameworks";
				PRODUCT_BUNDLE_IDENTIFIER = Gokul.exchangeAGramUITests;
				PRODUCT_NAME = "$(TARGET_NAME)";
				TEST_TARGET_NAME = exchangeAGram;
				USES_XCTRUNNER = YES;
			};
			name = Debug;
		};
		416E145D1B3D3F27008F2663 /* Release */ = {
			isa = XCBuildConfiguration;
			buildSettings = {
				INFOPLIST_FILE = exchangeAGramUITests/Info.plist;
				LD_RUNPATH_SEARCH_PATHS = "$(inherited) @executable_path/Frameworks @loader_path/Frameworks";
				PRODUCT_BUNDLE_IDENTIFIER = Gokul.exchangeAGramUITests;
				PRODUCT_NAME = "$(TARGET_NAME)";
				TEST_TARGET_NAME = exchangeAGram;
				USES_XCTRUNNER = YES;
			};
			name = Release;
		};
/* End XCBuildConfiguration section */

/* Begin XCConfigurationList section */
		416E14251B3D3F26008F2663 /* Build configuration list for PBXProject "exchangeAGram" */ = {
			isa = XCConfigurationList;
			buildConfigurations = (
				416E14531B3D3F27008F2663 /* Debug */,
				416E14541B3D3F27008F2663 /* Release */,
			);
			defaultConfigurationIsVisible = 0;
			defaultConfigurationName = Release;
		};
		416E14551B3D3F27008F2663 /* Build configuration list for PBXNativeTarget "exchangeAGram" */ = {
			isa = XCConfigurationList;
			buildConfigurations = (
				416E14561B3D3F27008F2663 /* Debug */,
				416E14571B3D3F27008F2663 /* Release */,
			);
			defaultConfigurationIsVisible = 0;
			defaultConfigurationName = Release;
		};
		416E14581B3D3F27008F2663 /* Build configuration list for PBXNativeTarget "exchangeAGramTests" */ = {
			isa = XCConfigurationList;
			buildConfigurations = (
				416E14591B3D3F27008F2663 /* Debug */,
				416E145A1B3D3F27008F2663 /* Release */,
			);
			defaultConfigurationIsVisible = 0;
			defaultConfigurationName = Release;
		};
		416E145B1B3D3F27008F2663 /* Build configuration list for PBXNativeTarget "exchangeAGramUITests" */ = {
			isa = XCConfigurationList;
			buildConfigurations = (
				416E145C1B3D3F27008F2663 /* Debug */,
				416E145D1B3D3F27008F2663 /* Release */,
			);
			defaultConfigurationIsVisible = 0;
			defaultConfigurationName = Release;
		};
/* End XCConfigurationList section */

/* Begin XCVersionGroup section */
		416E14341B3D3F27008F2663 /* exchangeAGram.xcdatamodeld */ = {
			isa = XCVersionGroup;
			children = (
				416E14351B3D3F27008F2663 /* exchangeAGram.xcdatamodel */,
			);
			currentVersion = 416E14351B3D3F27008F2663 /* exchangeAGram.xcdatamodel */;
			path = exchangeAGram.xcdatamodeld;
			sourceTree = "<group>";
			versionGroupType = wrapper.xcdatamodel;
		};
/* End XCVersionGroup section */
	};
	rootObject = 416E14221B3D3F26008F2663 /* Project object */;
}
